// !$*UTF8*$!
{
	archiveVersion = 1;
	classes = {
	};
	objectVersion = 48;
	objects = {

/* Begin PBXBuildFile section */
		2A2E52DE204772B10052A132 /* AppDelegate.m in Sources */ = {isa = PBXBuildFile; fileRef = 2A2E52DD204772B10052A132 /* AppDelegate.m */; };
		2A2E52E1204772B10052A132 /* ViewController.m in Sources */ = {isa = PBXBuildFile; fileRef = 2A2E52E0204772B10052A132 /* ViewController.m */; };
		2A2E52E4204772B10052A132 /* Main.storyboard in Resources */ = {isa = PBXBuildFile; fileRef = 2A2E52E2204772B10052A132 /* Main.storyboard */; };
		2A2E52E6204772B10052A132 /* Assets.xcassets in Resources */ = {isa = PBXBuildFile; fileRef = 2A2E52E5204772B10052A132 /* Assets.xcassets */; };
		2A2E52E9204772B10052A132 /* LaunchScreen.storyboard in Resources */ = {isa = PBXBuildFile; fileRef = 2A2E52E7204772B10052A132 /* LaunchScreen.storyboard */; };
		2A2E52EC204772B10052A132 /* main.m in Sources */ = {isa = PBXBuildFile; fileRef = 2A2E52EB204772B10052A132 /* main.m */; };
		2A2E5320204788C80052A132 /* AFURLSessionManager.m in Sources */ = {isa = PBXBuildFile; fileRef = 2A2E5314204788C70052A132 /* AFURLSessionManager.m */; };
		2A2E5321204788C80052A132 /* AFNetworkReachabilityManager.m in Sources */ = {isa = PBXBuildFile; fileRef = 2A2E5315204788C70052A132 /* AFNetworkReachabilityManager.m */; };
		2A2E5322204788C80052A132 /* AFHTTPSessionManager.m in Sources */ = {isa = PBXBuildFile; fileRef = 2A2E5319204788C70052A132 /* AFHTTPSessionManager.m */; };
		2A2E5323204788C80052A132 /* AFSecurityPolicy.m in Sources */ = {isa = PBXBuildFile; fileRef = 2A2E531A204788C70052A132 /* AFSecurityPolicy.m */; };
		2A2E5324204788C80052A132 /* AFURLRequestSerialization.m in Sources */ = {isa = PBXBuildFile; fileRef = 2A2E531D204788C80052A132 /* AFURLRequestSerialization.m */; };
		2A2E5325204788C80052A132 /* AFURLResponseSerialization.m in Sources */ = {isa = PBXBuildFile; fileRef = 2A2E531F204788C80052A132 /* AFURLResponseSerialization.m */; };
/* End PBXBuildFile section */

/* Begin PBXFileReference section */
		2A2E52D9204772B10052A132 /* w3d4-networking-demo.app */ = {isa = PBXFileReference; explicitFileType = wrapper.application; includeInIndex = 0; path = "w3d4-networking-demo.app"; sourceTree = BUILT_PRODUCTS_DIR; };
		2A2E52DC204772B10052A132 /* AppDelegate.h */ = {isa = PBXFileReference; lastKnownFileType = sourcecode.c.h; path = AppDelegate.h; sourceTree = "<group>"; };
		2A2E52DD204772B10052A132 /* AppDelegate.m */ = {isa = PBXFileReference; lastKnownFileType = sourcecode.c.objc; path = AppDelegate.m; sourceTree = "<group>"; };
		2A2E52DF204772B10052A132 /* ViewController.h */ = {isa = PBXFileReference; lastKnownFileType = sourcecode.c.h; path = ViewController.h; sourceTree = "<group>"; };
		2A2E52E0204772B10052A132 /* ViewController.m */ = {isa = PBXFileReference; lastKnownFileType = sourcecode.c.objc; path = ViewController.m; sourceTree = "<group>"; };
		2A2E52E3204772B10052A132 /* Base */ = {isa = PBXFileReference; lastKnownFileType = file.storyboard; name = Base; path = Base.lproj/Main.storyboard; sourceTree = "<group>"; };
		2A2E52E5204772B10052A132 /* Assets.xcassets */ = {isa = PBXFileReference; lastKnownFileType = folder.assetcatalog; path = Assets.xcassets; sourceTree = "<group>"; };
		2A2E52E8204772B10052A132 /* Base */ = {isa = PBXFileReference; lastKnownFileType = file.storyboard; name = Base; path = Base.lproj/LaunchScreen.storyboard; sourceTree = "<group>"; };
		2A2E52EA204772B10052A132 /* Info.plist */ = {isa = PBXFileReference; lastKnownFileType = text.plist.xml; path = Info.plist; sourceTree = "<group>"; };
		2A2E52EB204772B10052A132 /* main.m */ = {isa = PBXFileReference; lastKnownFileType = sourcecode.c.objc; path = main.m; sourceTree = "<group>"; };
		2A2E5313204788C70052A132 /* AFHTTPSessionManager.h */ = {isa = PBXFileReference; fileEncoding = 4; lastKnownFileType = sourcecode.c.h; name = AFHTTPSessionManager.h; path = "w3d4-networking-demo/AFNetworking/AFHTTPSessionManager.h"; sourceTree = SOURCE_ROOT; };
		2A2E5314204788C70052A132 /* AFURLSessionManager.m */ = {isa = PBXFileReference; fileEncoding = 4; lastKnownFileType = sourcecode.c.objc; name = AFURLSessionManager.m; path = "w3d4-networking-demo/AFNetworking/AFURLSessionManager.m"; sourceTree = SOURCE_ROOT; };
		2A2E5315204788C70052A132 /* AFNetworkReachabilityManager.m */ = {isa = PBXFileReference; fileEncoding = 4; lastKnownFileType = sourcecode.c.objc; name = AFNetworkReachabilityManager.m; path = "w3d4-networking-demo/AFNetworking/AFNetworkReachabilityManager.m"; sourceTree = SOURCE_ROOT; };
		2A2E5316204788C70052A132 /* AFNetworking.h */ = {isa = PBXFileReference; fileEncoding = 4; lastKnownFileType = sourcecode.c.h; name = AFNetworking.h; path = "w3d4-networking-demo/AFNetworking/AFNetworking.h"; sourceTree = SOURCE_ROOT; };
		2A2E5317204788C70052A132 /* AFURLSessionManager.h */ = {isa = PBXFileReference; fileEncoding = 4; lastKnownFileType = sourcecode.c.h; name = AFURLSessionManager.h; path = "w3d4-networking-demo/AFNetworking/AFURLSessionManager.h"; sourceTree = SOURCE_ROOT; };
		2A2E5318204788C70052A132 /* AFSecurityPolicy.h */ = {isa = PBXFileReference; fileEncoding = 4; lastKnownFileType = sourcecode.c.h; name = AFSecurityPolicy.h; path = "w3d4-networking-demo/AFNetworking/AFSecurityPolicy.h"; sourceTree = SOURCE_ROOT; };
		2A2E5319204788C70052A132 /* AFHTTPSessionManager.m */ = {isa = PBXFileReference; fileEncoding = 4; lastKnownFileType = sourcecode.c.objc; name = AFHTTPSessionManager.m; path = "w3d4-networking-demo/AFNetworking/AFHTTPSessionManager.m"; sourceTree = SOURCE_ROOT; };
		2A2E531A204788C70052A132 /* AFSecurityPolicy.m */ = {isa = PBXFileReference; fileEncoding = 4; lastKnownFileType = sourcecode.c.objc; name = AFSecurityPolicy.m; path = "w3d4-networking-demo/AFNetworking/AFSecurityPolicy.m"; sourceTree = SOURCE_ROOT; };
		2A2E531B204788C80052A132 /* AFURLResponseSerialization.h */ = {isa = PBXFileReference; fileEncoding = 4; lastKnownFileType = sourcecode.c.h; name = AFURLResponseSerialization.h; path = "w3d4-networking-demo/AFNetworking/AFURLResponseSerialization.h"; sourceTree = SOURCE_ROOT; };
		2A2E531C204788C80052A132 /* AFNetworkReachabilityManager.h */ = {isa = PBXFileReference; fileEncoding = 4; lastKnownFileType = sourcecode.c.h; name = AFNetworkReachabilityManager.h; path = "w3d4-networking-demo/AFNetworking/AFNetworkReachabilityManager.h"; sourceTree = SOURCE_ROOT; };
		2A2E531D204788C80052A132 /* AFURLRequestSerialization.m */ = {isa = PBXFileReference; fileEncoding = 4; lastKnownFileType = sourcecode.c.objc; name = AFURLRequestSerialization.m; path = "w3d4-networking-demo/AFNetworking/AFURLRequestSerialization.m"; sourceTree = SOURCE_ROOT; };
		2A2E531E204788C80052A132 /* AFURLRequestSerialization.h */ = {isa = PBXFileReference; fileEncoding = 4; lastKnownFileType = sourcecode.c.h; name = AFURLRequestSerialization.h; path = "w3d4-networking-demo/AFNetworking/AFURLRequestSerialization.h"; sourceTree = SOURCE_ROOT; };
		2A2E531F204788C80052A132 /* AFURLResponseSerialization.m */ = {isa = PBXFileReference; fileEncoding = 4; lastKnownFileType = sourcecode.c.objc; name = AFURLResponseSerialization.m; path = "w3d4-networking-demo/AFNetworking/AFURLResponseSerialization.m"; sourceTree = SOURCE_ROOT; };
/* End PBXFileReference section */

/* Begin PBXFrameworksBuildPhase section */
		2A2E52D6204772B10052A132 /* Frameworks */ = {
			isa = PBXFrameworksBuildPhase;
			buildActionMask = 2147483647;
			files = (
			);
			runOnlyForDeploymentPostprocessing = 0;
		};
/* End PBXFrameworksBuildPhase section */

/* Begin PBXGroup section */
		2A2E52D0204772B10052A132 = {
			isa = PBXGroup;
			children = (
				2A2E52DB204772B10052A132 /* w3d4-networking-demo */,
				2A2E52DA204772B10052A132 /* Products */,
			);
			sourceTree = "<group>";
		};
		2A2E52DA204772B10052A132 /* Products */ = {
			isa = PBXGroup;
			children = (
				2A2E52D9204772B10052A132 /* w3d4-networking-demo.app */,
			);
			name = Products;
			sourceTree = "<group>";
		};
		2A2E52DB204772B10052A132 /* w3d4-networking-demo */ = {
			isa = PBXGroup;
			children = (
				2A2E5312204788850052A132 /* AFNetworking */,
				2A2E52DC204772B10052A132 /* AppDelegate.h */,
				2A2E52DD204772B10052A132 /* AppDelegate.m */,
				2A2E52DF204772B10052A132 /* ViewController.h */,
				2A2E52E0204772B10052A132 /* ViewController.m */,
				2A2E52E2204772B10052A132 /* Main.storyboard */,
				2A2E52E5204772B10052A132 /* Assets.xcassets */,
				2A2E52E7204772B10052A132 /* LaunchScreen.storyboard */,
				2A2E52EA204772B10052A132 /* Info.plist */,
				2A2E52EB204772B10052A132 /* main.m */,
			);
			path = "w3d4-networking-demo";
			sourceTree = "<group>";
		};
		2A2E5312204788850052A132 /* AFNetworking */ = {
			isa = PBXGroup;
			children = (
				2A2E5313204788C70052A132 /* AFHTTPSessionManager.h */,
				2A2E5319204788C70052A132 /* AFHTTPSessionManager.m */,
				2A2E5316204788C70052A132 /* AFNetworking.h */,
				2A2E531C204788C80052A132 /* AFNetworkReachabilityManager.h */,
				2A2E5315204788C70052A132 /* AFNetworkReachabilityManager.m */,
				2A2E5318204788C70052A132 /* AFSecurityPolicy.h */,
				2A2E531A204788C70052A132 /* AFSecurityPolicy.m */,
				2A2E531E204788C80052A132 /* AFURLRequestSerialization.h */,
				2A2E531D204788C80052A132 /* AFURLRequestSerialization.m */,
				2A2E531B204788C80052A132 /* AFURLResponseSerialization.h */,
				2A2E531F204788C80052A132 /* AFURLResponseSerialization.m */,
				2A2E5317204788C70052A132 /* AFURLSessionManager.h */,
				2A2E5314204788C70052A132 /* AFURLSessionManager.m */,
			);
			name = AFNetworking;
			path = "New Group";
			sourceTree = "<group>";
		};
/* End PBXGroup section */

/* Begin PBXNativeTarget section */
		2A2E52D8204772B10052A132 /* w3d4-networking-demo */ = {
			isa = PBXNativeTarget;
			buildConfigurationList = 2A2E52EF204772B10052A132 /* Build configuration list for PBXNativeTarget "w3d4-networking-demo" */;
			buildPhases = (
				2A2E52D5204772B10052A132 /* Sources */,
				2A2E52D6204772B10052A132 /* Frameworks */,
				2A2E52D7204772B10052A132 /* Resources */,
			);
			buildRules = (
			);
			dependencies = (
			);
			name = "w3d4-networking-demo";
			productName = "w3d4-networking-demo";
			productReference = 2A2E52D9204772B10052A132 /* w3d4-networking-demo.app */;
			productType = "com.apple.product-type.application";
		};
/* End PBXNativeTarget section */

/* Begin PBXProject section */
		2A2E52D1204772B10052A132 /* Project object */ = {
			isa = PBXProject;
			attributes = {
				LastUpgradeCheck = 0920;
				ORGANIZATIONNAME = "MoozX Internet Ventures";
				TargetAttributes = {
					2A2E52D8204772B10052A132 = {
						CreatedOnToolsVersion = 9.2;
						ProvisioningStyle = Automatic;
					};
				};
			};
			buildConfigurationList = 2A2E52D4204772B10052A132 /* Build configuration list for PBXProject "w3d4-networking-demo" */;
			compatibilityVersion = "Xcode 8.0";
			developmentRegion = en;
			hasScannedForEncodings = 0;
			knownRegions = (
				en,
				Base,
			);
			mainGroup = 2A2E52D0204772B10052A132;
			productRefGroup = 2A2E52DA204772B10052A132 /* Products */;
			projectDirPath = "";
			projectRoot = "";
			targets = (
				2A2E52D8204772B10052A132 /* w3d4-networking-demo */,
			);
		};
/* End PBXProject section */

/* Begin PBXResourcesBuildPhase section */
		2A2E52D7204772B10052A132 /* Resources */ = {
			isa = PBXResourcesBuildPhase;
			buildActionMask = 2147483647;
			files = (
				2A2E52E9204772B10052A132 /* LaunchScreen.storyboard in Resources */,
				2A2E52E6204772B10052A132 /* Assets.xcassets in Resources */,
				2A2E52E4204772B10052A132 /* Main.storyboard in Resources */,
			);
			runOnlyForDeploymentPostprocessing = 0;
		};
/* End PBXResourcesBuildPhase section */

/* Begin PBXSourcesBuildPhase section */
		2A2E52D5204772B10052A132 /* Sources */ = {
			isa = PBXSourcesBuildPhase;
			buildActionMask = 2147483647;
			files = (
				2A2E5323204788C80052A132 /* AFSecurityPolicy.m in Sources */,
				2A2E5325204788C80052A132 /* AFURLResponseSerialization.m in Sources */,
				2A2E52E1204772B10052A132 /* ViewController.m in Sources */,
				2A2E5320204788C80052A132 /* AFURLSessionManager.m in Sources */,
				2A2E5321204788C80052A132 /* AFNetworkReachabilityManager.m in Sources */,
				2A2E5322204788C80052A132 /* AFHTTPSessionManager.m in Sources */,
				2A2E52EC204772B10052A132 /* main.m in Sources */,
				2A2E52DE204772B10052A132 /* AppDelegate.m in Sources */,
				2A2E5324204788C80052A132 /* AFURLRequestSerialization.m in Sources */,
			);
			runOnlyForDeploymentPostprocessing = 0;
		};
/* End PBXSourcesBuildPhase section */

/* Begin PBXVariantGroup section */
		2A2E52E2204772B10052A132 /* Main.storyboard */ = {
			isa = PBXVariantGroup;
			children = (
				2A2E52E3204772B10052A132 /* Base */,
			);
			name = Main.storyboard;
			sourceTree = "<group>";
		};
		2A2E52E7204772B10052A132 /* LaunchScreen.storyboard */ = {
			isa = PBXVariantGroup;
			children = (
				2A2E52E8204772B10052A132 /* Base */,
			);
			name = LaunchScreen.storyboard;
			sourceTree = "<group>";
		};
/* End PBXVariantGroup section */

/* Begin XCBuildConfiguration section */
		2A2E52ED204772B10052A132 /* Debug */ = {
			isa = XCBuildConfiguration;
			buildSettings = {
				ALWAYS_SEARCH_USER_PATHS = NO;
				CLANG_ANALYZER_NONNULL = YES;
				CLANG_ANALYZER_NUMBER_OBJECT_CONVERSION = YES_AGGRESSIVE;
				CLANG_CXX_LANGUAGE_STANDARD = "gnu++14";
				CLANG_CXX_LIBRARY = "libc++";
				CLANG_ENABLE_MODULES = YES;
				CLANG_ENABLE_OBJC_ARC = YES;
				CLANG_WARN_BLOCK_CAPTURE_AUTORELEASING = YES;
				CLANG_WARN_BOOL_CONVERSION = YES;
				CLANG_WARN_COMMA = YES;
				CLANG_WARN_CONSTANT_CONVERSION = YES;
				CLANG_WARN_DIRECT_OBJC_ISA_USAGE = YES_ERROR;
				CLANG_WARN_DOCUMENTATION_COMMENTS = YES;
				CLANG_WARN_EMPTY_BODY = YES;
				CLANG_WARN_ENUM_CONVERSION = YES;
				CLANG_WARN_INFINITE_RECURSION = YES;
				CLANG_WARN_INT_CONVERSION = YES;
				CLANG_WARN_NON_LITERAL_NULL_CONVERSION = YES;
				CLANG_WARN_OBJC_LITERAL_CONVERSION = YES;
				CLANG_WARN_OBJC_ROOT_CLASS = YES_ERROR;
				CLANG_WARN_RANGE_LOOP_ANALYSIS = YES;
				CLANG_WARN_STRICT_PROTOTYPES = YES;
				CLANG_WARN_SUSPICIOUS_MOVE = YES;
				CLANG_WARN_UNGUARDED_AVAILABILITY = YES_AGGRESSIVE;
				CLANG_WARN_UNREACHABLE_CODE = YES;
				CLANG_WARN__DUPLICATE_METHOD_MATCH = YES;
				CODE_SIGN_IDENTITY = "iPhone Developer";
				COPY_PHASE_STRIP = NO;
				DEBUG_INFORMATION_FORMAT = dwarf;
				ENABLE_STRICT_OBJC_MSGSEND = YES;
				ENABLE_TESTABILITY = YES;
				GCC_C_LANGUAGE_STANDARD = gnu11;
				GCC_DYNAMIC_NO_PIC = NO;
				GCC_NO_COMMON_BLOCKS = YES;
				GCC_OPTIMIZATION_LEVEL = 0;
				GCC_PREPROCESSOR_DEFINITIONS = (
					"DEBUG=1",
					"$(inherited)",
				);
				GCC_WARN_64_TO_32_BIT_CONVERSION = YES;
				GCC_WARN_ABOUT_RETURN_TYPE = YES_ERROR;
				GCC_WARN_UNDECLARED_SELECTOR = YES;
				GCC_WARN_UNINITIALIZED_AUTOS = YES_AGGRESSIVE;
				GCC_WARN_UNUSED_FUNCTION = YES;
				GCC_WARN_UNUSED_VARIABLE = YES;
				IPHONEOS_DEPLOYMENT_TARGET = 11.2;
				MTL_ENABLE_DEBUG_INFO = YES;
				ONLY_ACTIVE_ARCH = YES;
				SDKROOT = iphoneos;
			};
			name = Debug;
		};
		2A2E52EE204772B10052A132 /* Release */ = {
			isa = XCBuildConfiguration;
			buildSettings = {
				ALWAYS_SEARCH_USER_PATHS = NO;
				CLANG_ANALYZER_NONNULL = YES;
				CLANG_ANALYZER_NUMBER_OBJECT_CONVERSION = YES_AGGRESSIVE;
				CLANG_CXX_LANGUAGE_STANDARD = "gnu++14";
				CLANG_CXX_LIBRARY = "libc++";
				CLANG_ENABLE_MODULES = YES;
				CLANG_ENABLE_OBJC_ARC = YES;
				CLANG_WARN_BLOCK_CAPTURE_AUTORELEASING = YES;
				CLANG_WARN_BOOL_CONVERSION = YES;
				CLANG_WARN_COMMA = YES;
				CLANG_WARN_CONSTANT_CONVERSION = YES;
				CLANG_WARN_DIRECT_OBJC_ISA_USAGE = YES_ERROR;
				CLANG_WARN_DOCUMENTATION_COMMENTS = YES;
				CLANG_WARN_EMPTY_BODY = YES;
				CLANG_WARN_ENUM_CONVERSION = YES;
				CLANG_WARN_INFINITE_RECURSION = YES;
				CLANG_WARN_INT_CONVERSION = YES;
				CLANG_WARN_NON_LITERAL_NULL_CONVERSION = YES;
				CLANG_WARN_OBJC_LITERAL_CONVERSION = YES;
				CLANG_WARN_OBJC_ROOT_CLASS = YES_ERROR;
				CLANG_WARN_RANGE_LOOP_ANALYSIS = YES;
				CLANG_WARN_STRICT_PROTOTYPES = YES;
				CLANG_WARN_SUSPICIOUS_MOVE = YES;
				CLANG_WARN_UNGUARDED_AVAILABILITY = YES_AGGRESSIVE;
				CLANG_WARN_UNREACHABLE_CODE = YES;
				CLANG_WARN__DUPLICATE_METHOD_MATCH = YES;
				CODE_SIGN_IDENTITY = "iPhone Developer";
				COPY_PHASE_STRIP = NO;
				DEBUG_INFORMATION_FORMAT = "dwarf-with-dsym";
				ENABLE_NS_ASSERTIONS = NO;
				ENABLE_STRICT_OBJC_MSGSEND = YES;
				GCC_C_LANGUAGE_STANDARD = gnu11;
				GCC_NO_COMMON_BLOCKS = YES;
				GCC_WARN_64_TO_32_BIT_CONVERSION = YES;
				GCC_WARN_ABOUT_RETURN_TYPE = YES_ERROR;
				GCC_WARN_UNDECLARED_SELECTOR = YES;
				GCC_WARN_UNINITIALIZED_AUTOS = YES_AGGRESSIVE;
				GCC_WARN_UNUSED_FUNCTION = YES;
				GCC_WARN_UNUSED_VARIABLE = YES;
				IPHONEOS_DEPLOYMENT_TARGET = 11.2;
				MTL_ENABLE_DEBUG_INFO = NO;
				SDKROOT = iphoneos;
				VALIDATE_PRODUCT = YES;
			};
			name = Release;
		};
		2A2E52F0204772B10052A132 /* Debug */ = {
			isa = XCBuildConfiguration;
			buildSettings = {
				ASSETCATALOG_COMPILER_APPICON_NAME = AppIcon;
				CODE_SIGN_STYLE = Automatic;
				DEVELOPMENT_TEAM = Q9N5PH89AB;
				INFOPLIST_FILE = "w3d4-networking-demo/Info.plist";
				LD_RUNPATH_SEARCH_PATHS = "$(inherited) @executable_path/Frameworks";
				PRODUCT_BUNDLE_IDENTIFIER = "com.moozx.w3d4-networking-demo";
				PRODUCT_NAME = "$(TARGET_NAME)";
				TARGETED_DEVICE_FAMILY = "1,2";
			};
			name = Debug;
		};
		2A2E52F1204772B10052A132 /* Release */ = {
			isa = XCBuildConfiguration;
			buildSettings = {
				ASSETCATALOG_COMPILER_APPICON_NAME = AppIcon;
				CODE_SIGN_STYLE = Automatic;
				DEVELOPMENT_TEAM = Q9N5PH89AB;
				INFOPLIST_FILE = "w3d4-networking-demo/Info.plist";
				LD_RUNPATH_SEARCH_PATHS = "$(inherited) @executable_path/Frameworks";
				PRODUCT_BUNDLE_IDENTIFIER = "com.moozx.w3d4-networking-demo";
				PRODUCT_NAME = "$(TARGET_NAME)";
				TARGETED_DEVICE_FAMILY = "1,2";
			};
			name = Release;
		};
/* End XCBuildConfiguration section */

/* Begin XCConfigurationList section */
		2A2E52D4204772B10052A132 /* Build configuration list for PBXProject "w3d4-networking-demo" */ = {
			isa = XCConfigurationList;
			buildConfigurations = (
				2A2E52ED204772B10052A132 /* Debug */,
				2A2E52EE204772B10052A132 /* Release */,
			);
			defaultConfigurationIsVisible = 0;
			defaultConfigurationName = Release;
		};
		2A2E52EF204772B10052A132 /* Build configuration list for PBXNativeTarget "w3d4-networking-demo" */ = {
			isa = XCConfigurationList;
			buildConfigurations = (
				2A2E52F0204772B10052A132 /* Debug */,
				2A2E52F1204772B10052A132 /* Release */,
			);
			defaultConfigurationIsVisible = 0;
			defaultConfigurationName = Release;
		};
/* End XCConfigurationList section */
	};
	rootObject = 2A2E52D1204772B10052A132 /* Project object */;
}
